// !$*UTF8*$!
{
	archiveVersion = 1;
	classes = {
	};
	objectVersion = 48;
	objects = {

/* Begin PBXBuildFile section */
		1FD2ED541FE12DAA00590D95 /* UIView+bwImage.swift in Sources */ = {isa = PBXBuildFile; fileRef = 1FD2ED531FE12DAA00590D95 /* UIView+bwImage.swift */; };
		ED47CAD01FDBE5DB009F9E78 /* AnimalsRouter.swift in Sources */ = {isa = PBXBuildFile; fileRef = ED47CACF1FDBE5DB009F9E78 /* AnimalsRouter.swift */; };
		ED47CAD21FDBE765009F9E78 /* BlackAndWhitePresenterClass.swift in Sources */ = {isa = PBXBuildFile; fileRef = ED47CAD11FDBE765009F9E78 /* BlackAndWhitePresenterClass.swift */; };
		ED47CAD41FDBEBD7009F9E78 /* ImageViewController.swift in Sources */ = {isa = PBXBuildFile; fileRef = ED47CAD31FDBEBD7009F9E78 /* ImageViewController.swift */; };
		EDED86191FD7D514000D5549 /* AppDelegate.swift in Sources */ = {isa = PBXBuildFile; fileRef = EDED86181FD7D514000D5549 /* AppDelegate.swift */; };
		EDED861B1FD7D514000D5549 /* AnimalsViewController.swift in Sources */ = {isa = PBXBuildFile; fileRef = EDED861A1FD7D514000D5549 /* AnimalsViewController.swift */; };
		EDED861E1FD7D514000D5549 /* Main.storyboard in Resources */ = {isa = PBXBuildFile; fileRef = EDED861C1FD7D514000D5549 /* Main.storyboard */; };
		EDED86201FD7D514000D5549 /* Assets.xcassets in Resources */ = {isa = PBXBuildFile; fileRef = EDED861F1FD7D514000D5549 /* Assets.xcassets */; };
		EDED86231FD7D514000D5549 /* LaunchScreen.storyboard in Resources */ = {isa = PBXBuildFile; fileRef = EDED86211FD7D514000D5549 /* LaunchScreen.storyboard */; };
		EDED862B1FD7D779000D5549 /* ColorPresenterClass.swift in Sources */ = {isa = PBXBuildFile; fileRef = EDED862A1FD7D779000D5549 /* ColorPresenterClass.swift */; };
/* End PBXBuildFile section */

/* Begin PBXFileReference section */
		1FD2ED531FE12DAA00590D95 /* UIView+bwImage.swift */ = {isa = PBXFileReference; lastKnownFileType = sourcecode.swift; path = "UIView+bwImage.swift"; sourceTree = "<group>"; };
		ED47CACF1FDBE5DB009F9E78 /* AnimalsRouter.swift */ = {isa = PBXFileReference; lastKnownFileType = sourcecode.swift; path = AnimalsRouter.swift; sourceTree = "<group>"; };
		ED47CAD11FDBE765009F9E78 /* BlackAndWhitePresenterClass.swift */ = {isa = PBXFileReference; lastKnownFileType = sourcecode.swift; path = BlackAndWhitePresenterClass.swift; sourceTree = "<group>"; };
		ED47CAD31FDBEBD7009F9E78 /* ImageViewController.swift */ = {isa = PBXFileReference; lastKnownFileType = sourcecode.swift; path = ImageViewController.swift; sourceTree = "<group>"; };
		EDED86151FD7D514000D5549 /* MVP.app */ = {isa = PBXFileReference; explicitFileType = wrapper.application; includeInIndex = 0; path = MVP.app; sourceTree = BUILT_PRODUCTS_DIR; };
		EDED86181FD7D514000D5549 /* AppDelegate.swift */ = {isa = PBXFileReference; lastKnownFileType = sourcecode.swift; path = AppDelegate.swift; sourceTree = "<group>"; };
		EDED861A1FD7D514000D5549 /* AnimalsViewController.swift */ = {isa = PBXFileReference; lastKnownFileType = sourcecode.swift; path = AnimalsViewController.swift; sourceTree = "<group>"; };
		EDED861D1FD7D514000D5549 /* Base */ = {isa = PBXFileReference; lastKnownFileType = file.storyboard; name = Base; path = Base.lproj/Main.storyboard; sourceTree = "<group>"; };
		EDED861F1FD7D514000D5549 /* Assets.xcassets */ = {isa = PBXFileReference; lastKnownFileType = folder.assetcatalog; path = Assets.xcassets; sourceTree = "<group>"; };
		EDED86221FD7D514000D5549 /* Base */ = {isa = PBXFileReference; lastKnownFileType = file.storyboard; name = Base; path = Base.lproj/LaunchScreen.storyboard; sourceTree = "<group>"; };
		EDED86241FD7D514000D5549 /* Info.plist */ = {isa = PBXFileReference; lastKnownFileType = text.plist.xml; path = Info.plist; sourceTree = "<group>"; };
		EDED862A1FD7D779000D5549 /* ColorPresenterClass.swift */ = {isa = PBXFileReference; lastKnownFileType = sourcecode.swift; path = ColorPresenterClass.swift; sourceTree = "<group>"; };
/* End PBXFileReference section */

/* Begin PBXFrameworksBuildPhase section */
		EDED86121FD7D514000D5549 /* Frameworks */ = {
			isa = PBXFrameworksBuildPhase;
			buildActionMask = 2147483647;
			files = (
			);
			runOnlyForDeploymentPostprocessing = 0;
		};
/* End PBXFrameworksBuildPhase section */

/* Begin PBXGroup section */
		1FD2ED521FE1286600590D95 /* MainView */ = {
			isa = PBXGroup;
			children = (
				EDED861A1FD7D514000D5549 /* AnimalsViewController.swift */,
				ED47CACF1FDBE5DB009F9E78 /* AnimalsRouter.swift */,
				EDED862A1FD7D779000D5549 /* ColorPresenterClass.swift */,
				ED47CAD11FDBE765009F9E78 /* BlackAndWhitePresenterClass.swift */,
			);
			path = MainView;
			sourceTree = "<group>";
		};
		EDED860C1FD7D513000D5549 = {
			isa = PBXGroup;
			children = (
				EDED86171FD7D514000D5549 /* MVP */,
				EDED86161FD7D514000D5549 /* Products */,
			);
			sourceTree = "<group>";
		};
		EDED86161FD7D514000D5549 /* Products */ = {
			isa = PBXGroup;
			children = (
				EDED86151FD7D514000D5549 /* MVP.app */,
			);
			name = Products;
			sourceTree = "<group>";
		};
		EDED86171FD7D514000D5549 /* MVP */ = {
			isa = PBXGroup;
			children = (
				EDED86181FD7D514000D5549 /* AppDelegate.swift */,
				1FD2ED521FE1286600590D95 /* MainView */,
				ED47CAD31FDBEBD7009F9E78 /* ImageViewController.swift */,
				1FD2ED531FE12DAA00590D95 /* UIView+bwImage.swift */,
				EDED861C1FD7D514000D5549 /* Main.storyboard */,
				EDED861F1FD7D514000D5549 /* Assets.xcassets */,
				EDED86211FD7D514000D5549 /* LaunchScreen.storyboard */,
				EDED86241FD7D514000D5549 /* Info.plist */,
			);
			path = MVP;
			sourceTree = "<group>";
		};
/* End PBXGroup section */

/* Begin PBXNativeTarget section */
		EDED86141FD7D514000D5549 /* MVP */ = {
			isa = PBXNativeTarget;
			buildConfigurationList = EDED86271FD7D514000D5549 /* Build configuration list for PBXNativeTarget "MVP" */;
			buildPhases = (
				EDED86111FD7D514000D5549 /* Sources */,
				EDED86121FD7D514000D5549 /* Frameworks */,
				EDED86131FD7D514000D5549 /* Resources */,
			);
			buildRules = (
			);
			dependencies = (
			);
			name = MVP;
			productName = MVP;
			productReference = EDED86151FD7D514000D5549 /* MVP.app */;
			productType = "com.apple.product-type.application";
		};
/* End PBXNativeTarget section */

/* Begin PBXProject section */
		EDED860D1FD7D513000D5549 /* Project object */ = {
			isa = PBXProject;
			attributes = {
				LastSwiftUpdateCheck = 0910;
				LastUpgradeCheck = 0910;
				ORGANIZATIONNAME = "Przemyslaw Biskup";
				TargetAttributes = {
					EDED86141FD7D514000D5549 = {
						CreatedOnToolsVersion = 9.1;
						ProvisioningStyle = Automatic;
					};
				};
			};
			buildConfigurationList = EDED86101FD7D513000D5549 /* Build configuration list for PBXProject "MVP" */;
			compatibilityVersion = "Xcode 8.0";
			developmentRegion = en;
			hasScannedForEncodings = 0;
			knownRegions = (
				en,
				Base,
			);
			mainGroup = EDED860C1FD7D513000D5549;
			productRefGroup = EDED86161FD7D514000D5549 /* Products */;
			projectDirPath = "";
			projectRoot = "";
			targets = (
				EDED86141FD7D514000D5549 /* MVP */,
			);
		};
/* End PBXProject section */

/* Begin PBXResourcesBuildPhase section */
		EDED86131FD7D514000D5549 /* Resources */ = {
			isa = PBXResourcesBuildPhase;
			buildActionMask = 2147483647;
			files = (
				EDED86231FD7D514000D5549 /* LaunchScreen.storyboard in Resources */,
				EDED86201FD7D514000D5549 /* Assets.xcassets in Resources */,
				EDED861E1FD7D514000D5549 /* Main.storyboard in Resources */,
			);
			runOnlyForDeploymentPostprocessing = 0;
		};
/* End PBXResourcesBuildPhase section */

/* Begin PBXSourcesBuildPhase section */
		EDED86111FD7D514000D5549 /* Sources */ = {
			isa = PBXSourcesBuildPhase;
			buildActionMask = 2147483647;
			files = (
				ED47CAD01FDBE5DB009F9E78 /* AnimalsRouter.swift in Sources */,
				1FD2ED541FE12DAA00590D95 /* UIView+bwImage.swift in Sources */,
				EDED862B1FD7D779000D5549 /* ColorPresenterClass.swift in Sources */,
				EDED861B1FD7D514000D5549 /* AnimalsViewController.swift in Sources */,
				EDED86191FD7D514000D5549 /* AppDelegate.swift in Sources */,
				ED47CAD41FDBEBD7009F9E78 /* ImageViewController.swift in Sources */,
				ED47CAD21FDBE765009F9E78 /* BlackAndWhitePresenterClass.swift in Sources */,
			);
			runOnlyForDeploymentPostprocessing = 0;
		};
/* End PBXSourcesBuildPhase section */

/* Begin PBXVariantGroup section */
		EDED861C1FD7D514000D5549 /* Main.storyboard */ = {
			isa = PBXVariantGroup;
			children = (
				EDED861D1FD7D514000D5549 /* Base */,
			);
			name = Main.storyboard;
			sourceTree = "<group>";
		};
		EDED86211FD7D514000D5549 /* LaunchScreen.storyboard */ = {
			isa = PBXVariantGroup;
			children = (
				EDED86221FD7D514000D5549 /* Base */,
			);
			name = LaunchScreen.storyboard;
			sourceTree = "<group>";
		};
/* End PBXVariantGroup section */

/* Begin XCBuildConfiguration section */
		EDED86251FD7D514000D5549 /* Debug */ = {
			isa = XCBuildConfiguration;
			buildSettings = {
				ALWAYS_SEARCH_USER_PATHS = NO;
				CLANG_ANALYZER_NONNULL = YES;
				CLANG_ANALYZER_NUMBER_OBJECT_CONVERSION = YES_AGGRESSIVE;
				CLANG_CXX_LANGUAGE_STANDARD = "gnu++14";
				CLANG_CXX_LIBRARY = "libc++";
				CLANG_ENABLE_MODULES = YES;
				CLANG_ENABLE_OBJC_ARC = YES;
				CLANG_WARN_BLOCK_CAPTURE_AUTORELEASING = YES;
				CLANG_WARN_BOOL_CONVERSION = YES;
				CLANG_WARN_COMMA = YES;
				CLANG_WARN_CONSTANT_CONVERSION = YES;
				CLANG_WARN_DIRECT_OBJC_ISA_USAGE = YES_ERROR;
				CLANG_WARN_DOCUMENTATION_COMMENTS = YES;
				CLANG_WARN_EMPTY_BODY = YES;
				CLANG_WARN_ENUM_CONVERSION = YES;
				CLANG_WARN_INFINITE_RECURSION = YES;
				CLANG_WARN_INT_CONVERSION = YES;
				CLANG_WARN_NON_LITERAL_NULL_CONVERSION = YES;
				CLANG_WARN_OBJC_LITERAL_CONVERSION = YES;
				CLANG_WARN_OBJC_ROOT_CLASS = YES_ERROR;
				CLANG_WARN_RANGE_LOOP_ANALYSIS = YES;
				CLANG_WARN_STRICT_PROTOTYPES = YES;
				CLANG_WARN_SUSPICIOUS_MOVE = YES;
				CLANG_WARN_UNGUARDED_AVAILABILITY = YES_AGGRESSIVE;
				CLANG_WARN_UNREACHABLE_CODE = YES;
				CLANG_WARN__DUPLICATE_METHOD_MATCH = YES;
				CODE_SIGN_IDENTITY = "iPhone Developer";
				COPY_PHASE_STRIP = NO;
				DEBUG_INFORMATION_FORMAT = dwarf;
				ENABLE_STRICT_OBJC_MSGSEND = YES;
				ENABLE_TESTABILITY = YES;
				GCC_C_LANGUAGE_STANDARD = gnu11;
				GCC_DYNAMIC_NO_PIC = NO;
				GCC_NO_COMMON_BLOCKS = YES;
				GCC_OPTIMIZATION_LEVEL = 0;
				GCC_PREPROCESSOR_DEFINITIONS = (
					"DEBUG=1",
					"$(inherited)",
				);
				GCC_WARN_64_TO_32_BIT_CONVERSION = YES;
				GCC_WARN_ABOUT_RETURN_TYPE = YES_ERROR;
				GCC_WARN_UNDECLARED_SELECTOR = YES;
				GCC_WARN_UNINITIALIZED_AUTOS = YES_AGGRESSIVE;
				GCC_WARN_UNUSED_FUNCTION = YES;
				GCC_WARN_UNUSED_VARIABLE = YES;
				IPHONEOS_DEPLOYMENT_TARGET = 11.1;
				MTL_ENABLE_DEBUG_INFO = YES;
				ONLY_ACTIVE_ARCH = YES;
				SDKROOT = iphoneos;
				SWIFT_ACTIVE_COMPILATION_CONDITIONS = DEBUG;
				SWIFT_OPTIMIZATION_LEVEL = "-Onone";
			};
			name = Debug;
		};
		EDED86261FD7D514000D5549 /* Release */ = {
			isa = XCBuildConfiguration;
			buildSettings = {
				ALWAYS_SEARCH_USER_PATHS = NO;
				CLANG_ANALYZER_NONNULL = YES;
				CLANG_ANALYZER_NUMBER_OBJECT_CONVERSION = YES_AGGRESSIVE;
				CLANG_CXX_LANGUAGE_STANDARD = "gnu++14";
				CLANG_CXX_LIBRARY = "libc++";
				CLANG_ENABLE_MODULES = YES;
				CLANG_ENABLE_OBJC_ARC = YES;
				CLANG_WARN_BLOCK_CAPTURE_AUTORELEASING = YES;
				CLANG_WARN_BOOL_CONVERSION = YES;
				CLANG_WARN_COMMA = YES;
				CLANG_WARN_CONSTANT_CONVERSION = YES;
				CLANG_WARN_DIRECT_OBJC_ISA_USAGE = YES_ERROR;
				CLANG_WARN_DOCUMENTATION_COMMENTS = YES;
				CLANG_WARN_EMPTY_BODY = YES;
				CLANG_WARN_ENUM_CONVERSION = YES;
				CLANG_WARN_INFINITE_RECURSION = YES;
				CLANG_WARN_INT_CONVERSION = YES;
				CLANG_WARN_NON_LITERAL_NULL_CONVERSION = YES;
				CLANG_WARN_OBJC_LITERAL_CONVERSION = YES;
				CLANG_WARN_OBJC_ROOT_CLASS = YES_ERROR;
				CLANG_WARN_RANGE_LOOP_ANALYSIS = YES;
				CLANG_WARN_STRICT_PROTOTYPES = YES;
				CLANG_WARN_SUSPICIOUS_MOVE = YES;
				CLANG_WARN_UNGUARDED_AVAILABILITY = YES_AGGRESSIVE;
				CLANG_WARN_UNREACHABLE_CODE = YES;
				CLANG_WARN__DUPLICATE_METHOD_MATCH = YES;
				CODE_SIGN_IDENTITY = "iPhone Developer";
				COPY_PHASE_STRIP = NO;
				DEBUG_INFORMATION_FORMAT = "dwarf-with-dsym";
				ENABLE_NS_ASSERTIONS = NO;
				ENABLE_STRICT_OBJC_MSGSEND = YES;
				GCC_C_LANGUAGE_STANDARD = gnu11;
				GCC_NO_COMMON_BLOCKS = YES;
				GCC_WARN_64_TO_32_BIT_CONVERSION = YES;
				GCC_WARN_ABOUT_RETURN_TYPE = YES_ERROR;
				GCC_WARN_UNDECLARED_SELECTOR = YES;
				GCC_WARN_UNINITIALIZED_AUTOS = YES_AGGRESSIVE;
				GCC_WARN_UNUSED_FUNCTION = YES;
				GCC_WARN_UNUSED_VARIABLE = YES;
				IPHONEOS_DEPLOYMENT_TARGET = 11.1;
				MTL_ENABLE_DEBUG_INFO = NO;
				SDKROOT = iphoneos;
				SWIFT_OPTIMIZATION_LEVEL = "-Owholemodule";
				VALIDATE_PRODUCT = YES;
			};
			name = Release;
		};
		EDED86281FD7D514000D5549 /* Debug */ = {
			isa = XCBuildConfiguration;
			buildSettings = {
				ASSETCATALOG_COMPILER_APPICON_NAME = AppIcon;
				CODE_SIGN_STYLE = Automatic;
				DEVELOPMENT_TEAM = 33PBA72JFF;
				INFOPLIST_FILE = MVP/Info.plist;
				LD_RUNPATH_SEARCH_PATHS = "$(inherited) @executable_path/Frameworks";
				PRODUCT_BUNDLE_IDENTIFIER = przemyslaw.biskup.MVP;
				PRODUCT_NAME = "$(TARGET_NAME)";
				SWIFT_VERSION = 4.0;
				TARGETED_DEVICE_FAMILY = "1,2";
			};
			name = Debug;
		};
		EDED86291FD7D514000D5549 /* Release */ = {
			isa = XCBuildConfiguration;
			buildSettings = {
				ASSETCATALOG_COMPILER_APPICON_NAME = AppIcon;
				CODE_SIGN_STYLE = Automatic;
				DEVELOPMENT_TEAM = 33PBA72JFF;
				INFOPLIST_FILE = MVP/Info.plist;
				LD_RUNPATH_SEARCH_PATHS = "$(inherited) @executable_path/Frameworks";
				PRODUCT_BUNDLE_IDENTIFIER = przemyslaw.biskup.MVP;
				PRODUCT_NAME = "$(TARGET_NAME)";
				SWIFT_VERSION = 4.0;
				TARGETED_DEVICE_FAMILY = "1,2";
			};
			name = Release;
		};
/* End XCBuildConfiguration section */

/* Begin XCConfigurationList section */
		EDED86101FD7D513000D5549 /* Build configuration list for PBXProject "MVP" */ = {
			isa = XCConfigurationList;
			buildConfigurations = (
				EDED86251FD7D514000D5549 /* Debug */,
				EDED86261FD7D514000D5549 /* Release */,
			);
			defaultConfigurationIsVisible = 0;
			defaultConfigurationName = Release;
		};
		EDED86271FD7D514000D5549 /* Build configuration list for PBXNativeTarget "MVP" */ = {
			isa = XCConfigurationList;
			buildConfigurations = (
				EDED86281FD7D514000D5549 /* Debug */,
				EDED86291FD7D514000D5549 /* Release */,
			);
			defaultConfigurationIsVisible = 0;
			defaultConfigurationName = Release;
		};
/* End XCConfigurationList section */
	};
	rootObject = EDED860D1FD7D513000D5549 /* Project object */;
}
